
Microsoft Visual Studio Solution File, Format Version 12.00
# Visual Studio Version 16
VisualStudioVersion = 16.0.30114.105
MinimumVisualStudioVersion = 10.0.40219.1
Project("{FAE04EC0-301F-11D3-BF4B-00C04F79EFBC}") = "newTestProj", "Program\newTestProj.csproj", "{B88F8A9B-3613-4D18-925B-CA842AC0FE17}"
EndProject
Project("{FAE04EC0-301F-11D3-BF4B-00C04F79EFBC}") = "Program.Test", "Program.Test\Program.Test.csproj", "{170AEDC7-E912-4A77-804B-C1B1FCD56C36}"
EndProject
Global
	GlobalSection(SolutionConfigurationPlatforms) = preSolution
		Debug|Any CPU = Debug|Any CPU
		Debug|x64 = Debug|x64
		Debug|x86 = Debug|x86
		Release|Any CPU = Release|Any CPU
		Release|x64 = Release|x64
		Release|x86 = Release|x86
	EndGlobalSection
	GlobalSection(SolutionProperties) = preSolution
		HideSolutionNode = FALSE
	EndGlobalSection
	GlobalSection(ProjectConfigurationPlatforms) = postSolution
		{B88F8A9B-3613-4D18-925B-CA842AC0FE17}.Debug|Any CPU.ActiveCfg = Debug|Any CPU
		{B88F8A9B-3613-4D18-925B-CA842AC0FE17}.Debug|Any CPU.Build.0 = Debug|Any CPU
		{B88F8A9B-3613-4D18-925B-CA842AC0FE17}.Debug|x64.ActiveCfg = Debug|Any CPU
		{B88F8A9B-3613-4D18-925B-CA842AC0FE17}.Debug|x64.Build.0 = Debug|Any CPU
		{B88F8A9B-3613-4D18-925B-CA842AC0FE17}.Debug|x86.ActiveCfg = Debug|Any CPU
		{B88F8A9B-3613-4D18-925B-CA842AC0FE17}.Debug|x86.Build.0 = Debug|Any CPU
		{B88F8A9B-3613-4D18-925B-CA842AC0FE17}.Release|Any CPU.ActiveCfg = Release|Any CPU
		{B88F8A9B-3613-4D18-925B-CA842AC0FE17}.Release|Any CPU.Build.0 = Release|Any CPU
		{B88F8A9B-3613-4D18-925B-CA842AC0FE17}.Release|x64.ActiveCfg = Release|Any CPU
		{B88F8A9B-3613-4D18-925B-CA842AC0FE17}.Release|x64.Build.0 = Release|Any CPU
		{B88F8A9B-3613-4D18-925B-CA842AC0FE17}.Release|x86.ActiveCfg = Release|Any CPU
		{B88F8A9B-3613-4D18-925B-CA842AC0FE17}.Release|x86.Build.0 = Release|Any CPU
		{A7F2E5E8-C2DD-45D9-AE28-963C0E1380F1}.Debug|Any CPU.ActiveCfg = Debug|Any CPU
		{A7F2E5E8-C2DD-45D9-AE28-963C0E1380F1}.Debug|Any CPU.Build.0 = Debug|Any CPU
		{A7F2E5E8-C2DD-45D9-AE28-963C0E1380F1}.Debug|x64.ActiveCfg = Debug|Any CPU
		{A7F2E5E8-C2DD-45D9-AE28-963C0E1380F1}.Debug|x64.Build.0 = Debug|Any CPU
		{A7F2E5E8-C2DD-45D9-AE28-963C0E1380F1}.Debug|x86.ActiveCfg = Debug|Any CPU
		{A7F2E5E8-C2DD-45D9-AE28-963C0E1380F1}.Debug|x86.Build.0 = Debug|Any CPU
		{A7F2E5E8-C2DD-45D9-AE28-963C0E1380F1}.Release|Any CPU.ActiveCfg = Release|Any CPU
		{A7F2E5E8-C2DD-45D9-AE28-963C0E1380F1}.Release|Any CPU.Build.0 = Release|Any CPU
		{A7F2E5E8-C2DD-45D9-AE28-963C0E1380F1}.Release|x64.ActiveCfg = Release|Any CPU
		{A7F2E5E8-C2DD-45D9-AE28-963C0E1380F1}.Release|x64.Build.0 = Release|Any CPU
		{A7F2E5E8-C2DD-45D9-AE28-963C0E1380F1}.Release|x86.ActiveCfg = Release|Any CPU
		{A7F2E5E8-C2DD-45D9-AE28-963C0E1380F1}.Release|x86.Build.0 = Release|Any CPU
		{170AEDC7-E912-4A77-804B-C1B1FCD56C36}.Debug|Any CPU.ActiveCfg = Debug|Any CPU
		{170AEDC7-E912-4A77-804B-C1B1FCD56C36}.Debug|Any CPU.Build.0 = Debug|Any CPU
		{170AEDC7-E912-4A77-804B-C1B1FCD56C36}.Debug|x64.ActiveCfg = Debug|Any CPU
		{170AEDC7-E912-4A77-804B-C1B1FCD56C36}.Debug|x64.Build.0 = Debug|Any CPU
		{170AEDC7-E912-4A77-804B-C1B1FCD56C36}.Debug|x86.ActiveCfg = Debug|Any CPU
		{170AEDC7-E912-4A77-804B-C1B1FCD56C36}.Debug|x86.Build.0 = Debug|Any CPU
		{170AEDC7-E912-4A77-804B-C1B1FCD56C36}.Release|Any CPU.ActiveCfg = Release|Any CPU
		{170AEDC7-E912-4A77-804B-C1B1FCD56C36}.Release|Any CPU.Build.0 = Release|Any CPU
		{170AEDC7-E912-4A77-804B-C1B1FCD56C36}.Release|x64.ActiveCfg = Release|Any CPU
		{170AEDC7-E912-4A77-804B-C1B1FCD56C36}.Release|x64.Build.0 = Release|Any CPU
		{170AEDC7-E912-4A77-804B-C1B1FCD56C36}.Release|x86.ActiveCfg = Release|Any CPU
		{170AEDC7-E912-4A77-804B-C1B1FCD56C36}.Release|x86.Build.0 = Release|Any CPU
	EndGlobalSection
EndGlobal
